<?xml version="1.0" encoding="utf-8"?>
<Project ToolsVersion="4.0" xmlns="http://schemas.microsoft.com/developer/msbuild/2003">
  <ItemGroup>
    <Filter Include="Source Files">
      <UniqueIdentifier>{4FC737F1-C7A5-4376-A066-2A32D752A2FF}</UniqueIdentifier>
      <Extensions>cpp;c;cc;cxx;c++;cppm;ixx;def;odl;idl;hpj;bat;asm;asmx</Extensions>
    </Filter>
    <Filter Include="Header Files">
      <UniqueIdentifier>{93995380-89BD-4b04-88EB-625FBE52EBFB}</UniqueIdentifier>
      <Extensions>h;hh;hpp;hxx;h++;hm;inl;inc;ipp;xsd</Extensions>
    </Filter>
    <Filter Include="Resource Files">
      <UniqueIdentifier>{67DA6AB6-F800-4c08-8B7A-83BB121AAD01}</UniqueIdentifier>
      <Extensions>rc;ico;cur;bmp;dlg;rc2;rct;bin;rgs;gif;jpg;jpeg;jpe;resx;tiff;tif;png;wav;mfcribbon-ms</Extensions>
    </Filter>
    <Filter Include="Source Files\ChartParser">
      <UniqueIdentifier>{f8c50938-195b-4400-9a58-8897e4e96d47}</UniqueIdentifier>
    </Filter>
  </ItemGroup>
  <ItemGroup>
    <ClCompile Include="Util.ixx">
      <Filter>Source Files</Filter>
    </ClCompile>
    <ClCompile Include="InputStream.ixx">
      <Filter>Source Files</Filter>
    </ClCompile>
    <ClCompile Include="Combinator.ixx">
      <Filter>Source Files</Filter>
    </ClCompile>
    <ClCompile Include="FuncTrace.ixx">
      <Filter>Source Files</Filter>
    </ClCompile>
    <ClCompile Include="IParser.ixx">
      <Filter>Source Files</Filter>
    </ClCompile>
    <ClCompile Include="Parser.ixx">
      <Filter>Source Files</Filter>
    </ClCompile>
    <ClCompile Include="Identifier.ixx">
      <Filter>Source Files</Filter>
    </ClCompile>
    <ClCompile Include="Whitespace.ixx">
      <Filter>Source Files</Filter>
    </ClCompile>
    <ClCompile Include="ChartParser.ixx">
      <Filter>Source Files\ChartParser</Filter>
    </ClCompile>
    <ClCompile Include="ParserState.ixx">
      <Filter>Source Files\ChartParser</Filter>
    </ClCompile>
    <ClCompile Include="GrammarMap.ixx">
      <Filter>Source Files\ChartParser</Filter>
    </ClCompile>
    <ClCompile Include="AST.ixx">
      <Filter>Source Files\ChartParser</Filter>
    </ClCompile>
    <ClCompile Include="CounterStream.ixx">
      <Filter>Source Files\ChartParser</Filter>
    </ClCompile>
    <ClCompile Include="Lexer.ixx">
      <Filter>Source Files</Filter>
    </ClCompile>
    <ClCompile Include="FuncTrait.ixx">
      <Filter>Source Files</Filter>
    </ClCompile>
  </ItemGroup>
</Project>